<Solution>
  <Project Path="../APIGateWayYARP/APIGateWayYARP/APIGateWayYARP.csproj" />
  <Project Path="../CustomerAuthService/CustomerAuthService/CustomerAuthService.csproj" />
  <Project Path="../NotificationService/NotificationService/NotificationService.csproj" />
  <Project Path="../OrderService/OrderService/OrderService.csproj" />
  <Project Path="../PaymentService/PaymentService/PaymentService.csproj" />
  <Project Path="../ProductService/ProductService/ProductService.csproj" />
</Solution>
